
Microsoft Visual Studio Solution File, Format Version 12.00
# Visual Studio Version 16
VisualStudioVersion = 16.0.30523.141
MinimumVisualStudioVersion = 10.0.40219.1
Project("{8BC9CEB8-8B4A-11D0-8D11-00A0C91BC942}") = "191307066_gokhan_dogan_lab_doblylinklist", "191307066_gokhan_dogan_lab_doblylinklist\191307066_gokhan_dogan_lab_doblylinklist.vcxproj", "{84AD4506-9183-4F32-8E78-BDFA7D2F1A73}"
EndProject
Global
	GlobalSection(SolutionConfigurationPlatforms) = preSolution
		Debug|x64 = Debug|x64
		Debug|x86 = Debug|x86
		Release|x64 = Release|x64
		Release|x86 = Release|x86
	EndGlobalSection
	GlobalSection(ProjectConfigurationPlatforms) = postSolution
		{84AD4506-9183-4F32-8E78-BDFA7D2F1A73}.Debug|x64.ActiveCfg = Debug|x64
		{84AD4506-9183-4F32-8E78-BDFA7D2F1A73}.Debug|x64.Build.0 = Debug|x64
		{84AD4506-9183-4F32-8E78-BDFA7D2F1A73}.Debug|x86.ActiveCfg = Debug|Win32
		{84AD4506-9183-4F32-8E78-BDFA7D2F1A73}.Debug|x86.Build.0 = Debug|Win32
		{84AD4506-9183-4F32-8E78-BDFA7D2F1A73}.Release|x64.ActiveCfg = Release|x64
		{84AD4506-9183-4F32-8E78-BDFA7D2F1A73}.Release|x64.Build.0 = Release|x64
		{84AD4506-9183-4F32-8E78-BDFA7D2F1A73}.Release|x86.ActiveCfg = Release|Win32
		{84AD4506-9183-4F32-8E78-BDFA7D2F1A73}.Release|x86.Build.0 = Release|Win32
	EndGlobalSection
	GlobalSection(SolutionProperties) = preSolution
		HideSolutionNode = FALSE
	EndGlobalSection
	GlobalSection(ExtensibilityGlobals) = postSolution
		SolutionGuid = {F564CBE9-7D70-4F45-BBF9-77DEE47E05A5}
	EndGlobalSection
EndGlobal
