
Microsoft Visual Studio Solution File, Format Version 12.00
# Visual Studio Version 16
VisualStudioVersion = 16.0.29806.167
MinimumVisualStudioVersion = 10.0.40219.1
Project("{FAE04EC0-301F-11D3-BF4B-00C04F79EFBC}") = "çalışma_örnek", "çalışma_örnek\çalışma_örnek.csproj", "{5954F780-9BF6-4833-9D7B-A41E98724CCF}"
EndProject
Global
	GlobalSection(SolutionConfigurationPlatforms) = preSolution
		Debug|Any CPU = Debug|Any CPU
		Release|Any CPU = Release|Any CPU
	EndGlobalSection
	GlobalSection(ProjectConfigurationPlatforms) = postSolution
		{5954F780-9BF6-4833-9D7B-A41E98724CCF}.Debug|Any CPU.ActiveCfg = Debug|Any CPU
		{5954F780-9BF6-4833-9D7B-A41E98724CCF}.Debug|Any CPU.Build.0 = Debug|Any CPU
		{5954F780-9BF6-4833-9D7B-A41E98724CCF}.Release|Any CPU.ActiveCfg = Release|Any CPU
		{5954F780-9BF6-4833-9D7B-A41E98724CCF}.Release|Any CPU.Build.0 = Release|Any CPU
	EndGlobalSection
	GlobalSection(SolutionProperties) = preSolution
		HideSolutionNode = FALSE
	EndGlobalSection
	GlobalSection(ExtensibilityGlobals) = postSolution
		SolutionGuid = {437AC663-BB93-46CF-BA8B-1B9D767E1BB4}
	EndGlobalSection
EndGlobal
