
Microsoft Visual Studio Solution File, Format Version 12.00
# Visual Studio Version 16
VisualStudioVersion = 16.0.30523.141
MinimumVisualStudioVersion = 10.0.40219.1
Project("{8BC9CEB8-8B4A-11D0-8D11-00A0C91BC942}") = "191307066_gokhan_dogan_dizi_pointer_uygulaması", "191307066_gokhan_dogan_dizi_pointer_uygulaması\191307066_gokhan_dogan_dizi_pointer_uygulaması.vcxproj", "{EAE812AF-A3B1-466C-817E-6945E8E01C30}"
EndProject
Global
	GlobalSection(SolutionConfigurationPlatforms) = preSolution
		Debug|x64 = Debug|x64
		Debug|x86 = Debug|x86
		Release|x64 = Release|x64
		Release|x86 = Release|x86
	EndGlobalSection
	GlobalSection(ProjectConfigurationPlatforms) = postSolution
		{EAE812AF-A3B1-466C-817E-6945E8E01C30}.Debug|x64.ActiveCfg = Debug|x64
		{EAE812AF-A3B1-466C-817E-6945E8E01C30}.Debug|x64.Build.0 = Debug|x64
		{EAE812AF-A3B1-466C-817E-6945E8E01C30}.Debug|x86.ActiveCfg = Debug|Win32
		{EAE812AF-A3B1-466C-817E-6945E8E01C30}.Debug|x86.Build.0 = Debug|Win32
		{EAE812AF-A3B1-466C-817E-6945E8E01C30}.Release|x64.ActiveCfg = Release|x64
		{EAE812AF-A3B1-466C-817E-6945E8E01C30}.Release|x64.Build.0 = Release|x64
		{EAE812AF-A3B1-466C-817E-6945E8E01C30}.Release|x86.ActiveCfg = Release|Win32
		{EAE812AF-A3B1-466C-817E-6945E8E01C30}.Release|x86.Build.0 = Release|Win32
	EndGlobalSection
	GlobalSection(SolutionProperties) = preSolution
		HideSolutionNode = FALSE
	EndGlobalSection
	GlobalSection(ExtensibilityGlobals) = postSolution
		SolutionGuid = {2DCD548D-8C1D-4061-884B-48B15B4EAA3B}
	EndGlobalSection
EndGlobal
